
Microsoft Visual Studio Solution File, Format Version 12.00
# Visual Studio Version 16
VisualStudioVersion = 16.0.30104.148
MinimumVisualStudioVersion = 10.0.40219.1
Project("{FAE04EC0-301F-11D3-BF4B-00C04F79EFBC}") = "UserManagmentSystem", "UserManagmentSystem\UserManagmentSystem.csproj", "{471F13A2-D7B5-41DF-A835-10D4B717458F}"
EndProject
Global
	GlobalSection(SolutionConfigurationPlatforms) = preSolution
		Debug|Any CPU = Debug|Any CPU
		Release|Any CPU = Release|Any CPU
	EndGlobalSection
	GlobalSection(ProjectConfigurationPlatforms) = postSolution
		{471F13A2-D7B5-41DF-A835-10D4B717458F}.Debug|Any CPU.ActiveCfg = Debug|Any CPU
		{471F13A2-D7B5-41DF-A835-10D4B717458F}.Debug|Any CPU.Build.0 = Debug|Any CPU
		{471F13A2-D7B5-41DF-A835-10D4B717458F}.Release|Any CPU.ActiveCfg = Release|Any CPU
		{471F13A2-D7B5-41DF-A835-10D4B717458F}.Release|Any CPU.Build.0 = Release|Any CPU
	EndGlobalSection
	GlobalSection(SolutionProperties) = preSolution
		HideSolutionNode = FALSE
	EndGlobalSection
	GlobalSection(ExtensibilityGlobals) = postSolution
		SolutionGuid = {6B3773DD-460A-4AB2-9F3D-61E449BC9AAC}
	EndGlobalSection
EndGlobal
